
Microsoft Visual Studio Solution File, Format Version 12.00
# Visual Studio Version 16
VisualStudioVersion = 16.0.30611.23
MinimumVisualStudioVersion = 10.0.40219.1
Project("{9A19103F-16F7-4668-BE54-9A1E7A4F7556}") = "convertToMethods", "convertToMethods\convertToMethods.csproj", "{FC810A09-812A-490B-9A42-6A297A8684E1}"
EndProject
Project("{9A19103F-16F7-4668-BE54-9A1E7A4F7556}") = "methods", "methods\methods.csproj", "{63482C01-559E-4C02-948D-8CC1D62814D7}"
EndProject
Project("{FAE04EC0-301F-11D3-BF4B-00C04F79EFBC}") = "methods.Tests", "methods.Tests\methods.Tests.csproj", "{3B6FA74B-EFE7-4846-9B34-25FF01E1F8DB}"
EndProject
Global
	GlobalSection(SolutionConfigurationPlatforms) = preSolution
		Debug|Any CPU = Debug|Any CPU
		Release|Any CPU = Release|Any CPU
	EndGlobalSection
	GlobalSection(ProjectConfigurationPlatforms) = postSolution
		{FC810A09-812A-490B-9A42-6A297A8684E1}.Debug|Any CPU.ActiveCfg = Debug|Any CPU
		{FC810A09-812A-490B-9A42-6A297A8684E1}.Debug|Any CPU.Build.0 = Debug|Any CPU
		{FC810A09-812A-490B-9A42-6A297A8684E1}.Release|Any CPU.ActiveCfg = Release|Any CPU
		{FC810A09-812A-490B-9A42-6A297A8684E1}.Release|Any CPU.Build.0 = Release|Any CPU
		{63482C01-559E-4C02-948D-8CC1D62814D7}.Debug|Any CPU.ActiveCfg = Debug|Any CPU
		{63482C01-559E-4C02-948D-8CC1D62814D7}.Debug|Any CPU.Build.0 = Debug|Any CPU
		{63482C01-559E-4C02-948D-8CC1D62814D7}.Release|Any CPU.ActiveCfg = Release|Any CPU
		{63482C01-559E-4C02-948D-8CC1D62814D7}.Release|Any CPU.Build.0 = Release|Any CPU
		{3B6FA74B-EFE7-4846-9B34-25FF01E1F8DB}.Debug|Any CPU.ActiveCfg = Debug|Any CPU
		{3B6FA74B-EFE7-4846-9B34-25FF01E1F8DB}.Debug|Any CPU.Build.0 = Debug|Any CPU
		{3B6FA74B-EFE7-4846-9B34-25FF01E1F8DB}.Release|Any CPU.ActiveCfg = Release|Any CPU
		{3B6FA74B-EFE7-4846-9B34-25FF01E1F8DB}.Release|Any CPU.Build.0 = Release|Any CPU
	EndGlobalSection
	GlobalSection(SolutionProperties) = preSolution
		HideSolutionNode = FALSE
	EndGlobalSection
	GlobalSection(ExtensibilityGlobals) = postSolution
		SolutionGuid = {574B66AC-6B40-4B78-9F52-74C36A1ADB32}
	EndGlobalSection
EndGlobal
